// !$*UTF8*$!
{
	archiveVersion = 1;
	classes = {
	};
	objectVersion = 51;
	objects = {

/* Begin PBXBuildFile section */
		542309FE25E1B3E800E76A35 /* AppDelegate.swift in Sources */ = {isa = PBXBuildFile; fileRef = 542309FD25E1B3E800E76A35 /* AppDelegate.swift */; };
		54230A0025E1B3E800E76A35 /* SceneDelegate.swift in Sources */ = {isa = PBXBuildFile; fileRef = 542309FF25E1B3E800E76A35 /* SceneDelegate.swift */; };
		54230A0225E1B3E800E76A35 /* ViewController.swift in Sources */ = {isa = PBXBuildFile; fileRef = 54230A0125E1B3E800E76A35 /* ViewController.swift */; };
		54230A0525E1B3E800E76A35 /* Main.storyboard in Resources */ = {isa = PBXBuildFile; fileRef = 54230A0325E1B3E800E76A35 /* Main.storyboard */; };
		54230A0725E1B3E900E76A35 /* Assets.xcassets in Resources */ = {isa = PBXBuildFile; fileRef = 54230A0625E1B3E900E76A35 /* Assets.xcassets */; };
		54230A0A25E1B3E900E76A35 /* LaunchScreen.storyboard in Resources */ = {isa = PBXBuildFile; fileRef = 54230A0825E1B3E900E76A35 /* LaunchScreen.storyboard */; };
		54793C6B25E379FF00E9542A /* MovieDetailsViewController.swift in Sources */ = {isa = PBXBuildFile; fileRef = 54793C6A25E379FF00E9542A /* MovieDetailsViewController.swift */; };
		54793C6E25E395A500E9542A /* MovieGridViewController.swift in Sources */ = {isa = PBXBuildFile; fileRef = 54793C6D25E395A500E9542A /* MovieGridViewController.swift */; };
		54793C7125E3998900E9542A /* MovieGridCell.swift in Sources */ = {isa = PBXBuildFile; fileRef = 54793C7025E3998900E9542A /* MovieGridCell.swift */; };
		54F6402525E1BB7E003A4A7D /* MovieCell.swift in Sources */ = {isa = PBXBuildFile; fileRef = 54F6402425E1BB7E003A4A7D /* MovieCell.swift */; };
		B48BD07FA35F6CB173239654 /* Pods_dMovie.framework in Frameworks */ = {isa = PBXBuildFile; fileRef = FE646A608117A610CF784410 /* Pods_dMovie.framework */; };
/* End PBXBuildFile section */

/* Begin PBXFileReference section */
		542309FA25E1B3E800E76A35 /* dMovie.app */ = {isa = PBXFileReference; explicitFileType = wrapper.application; includeInIndex = 0; path = dMovie.app; sourceTree = BUILT_PRODUCTS_DIR; };
		542309FD25E1B3E800E76A35 /* AppDelegate.swift */ = {isa = PBXFileReference; lastKnownFileType = sourcecode.swift; path = AppDelegate.swift; sourceTree = "<group>"; };
		542309FF25E1B3E800E76A35 /* SceneDelegate.swift */ = {isa = PBXFileReference; lastKnownFileType = sourcecode.swift; path = SceneDelegate.swift; sourceTree = "<group>"; };
		54230A0125E1B3E800E76A35 /* ViewController.swift */ = {isa = PBXFileReference; lastKnownFileType = sourcecode.swift; path = ViewController.swift; sourceTree = "<group>"; };
		54230A0425E1B3E800E76A35 /* Base */ = {isa = PBXFileReference; lastKnownFileType = file.storyboard; name = Base; path = Base.lproj/Main.storyboard; sourceTree = "<group>"; };
		54230A0625E1B3E900E76A35 /* Assets.xcassets */ = {isa = PBXFileReference; lastKnownFileType = folder.assetcatalog; path = Assets.xcassets; sourceTree = "<group>"; };
		54230A0925E1B3E900E76A35 /* Base */ = {isa = PBXFileReference; lastKnownFileType = file.storyboard; name = Base; path = Base.lproj/LaunchScreen.storyboard; sourceTree = "<group>"; };
		54230A0B25E1B3E900E76A35 /* Info.plist */ = {isa = PBXFileReference; lastKnownFileType = text.plist.xml; path = Info.plist; sourceTree = "<group>"; };
		54793C6A25E379FF00E9542A /* MovieDetailsViewController.swift */ = {isa = PBXFileReference; lastKnownFileType = sourcecode.swift; path = MovieDetailsViewController.swift; sourceTree = "<group>"; };
		54793C6D25E395A500E9542A /* MovieGridViewController.swift */ = {isa = PBXFileReference; lastKnownFileType = sourcecode.swift; path = MovieGridViewController.swift; sourceTree = "<group>"; };
		54793C7025E3998900E9542A /* MovieGridCell.swift */ = {isa = PBXFileReference; lastKnownFileType = sourcecode.swift; path = MovieGridCell.swift; sourceTree = "<group>"; };
		54F6402425E1BB7E003A4A7D /* MovieCell.swift */ = {isa = PBXFileReference; lastKnownFileType = sourcecode.swift; path = MovieCell.swift; sourceTree = "<group>"; };
		9768F46D13E9EE4F9BEF437B /* Pods-dMovie.debug.xcconfig */ = {isa = PBXFileReference; includeInIndex = 1; lastKnownFileType = text.xcconfig; name = "Pods-dMovie.debug.xcconfig"; path = "Target Support Files/Pods-dMovie/Pods-dMovie.debug.xcconfig"; sourceTree = "<group>"; };
		ABD937423E9F83B0F9A48A4C /* Pods-dMovie.release.xcconfig */ = {isa = PBXFileReference; includeInIndex = 1; lastKnownFileType = text.xcconfig; name = "Pods-dMovie.release.xcconfig"; path = "Target Support Files/Pods-dMovie/Pods-dMovie.release.xcconfig"; sourceTree = "<group>"; };
		FE646A608117A610CF784410 /* Pods_dMovie.framework */ = {isa = PBXFileReference; explicitFileType = wrapper.framework; includeInIndex = 0; path = Pods_dMovie.framework; sourceTree = BUILT_PRODUCTS_DIR; };
/* End PBXFileReference section */

/* Begin PBXFrameworksBuildPhase section */
		542309F725E1B3E800E76A35 /* Frameworks */ = {
			isa = PBXFrameworksBuildPhase;
			buildActionMask = 2147483647;
			files = (
				B48BD07FA35F6CB173239654 /* Pods_dMovie.framework in Frameworks */,
			);
			runOnlyForDeploymentPostprocessing = 0;
		};
/* End PBXFrameworksBuildPhase section */

/* Begin PBXGroup section */
		542309F125E1B3E800E76A35 = {
			isa = PBXGroup;
			children = (
				542309FC25E1B3E800E76A35 /* dMovie */,
				542309FB25E1B3E800E76A35 /* Products */,
				AC63C18C019B34B4449701D0 /* Pods */,
				7A8DFADFBA76663C456E125D /* Frameworks */,
			);
			sourceTree = "<group>";
		};
		542309FB25E1B3E800E76A35 /* Products */ = {
			isa = PBXGroup;
			children = (
				542309FA25E1B3E800E76A35 /* dMovie.app */,
			);
			name = Products;
			sourceTree = "<group>";
		};
		542309FC25E1B3E800E76A35 /* dMovie */ = {
			isa = PBXGroup;
			children = (
				542309FD25E1B3E800E76A35 /* AppDelegate.swift */,
				542309FF25E1B3E800E76A35 /* SceneDelegate.swift */,
				54230A0125E1B3E800E76A35 /* ViewController.swift */,
				54F6402425E1BB7E003A4A7D /* MovieCell.swift */,
				54793C6A25E379FF00E9542A /* MovieDetailsViewController.swift */,
				54230A0325E1B3E800E76A35 /* Main.storyboard */,
				54793C7025E3998900E9542A /* MovieGridCell.swift */,
				54230A0625E1B3E900E76A35 /* Assets.xcassets */,
				54230A0825E1B3E900E76A35 /* LaunchScreen.storyboard */,
				54230A0B25E1B3E900E76A35 /* Info.plist */,
				54793C6D25E395A500E9542A /* MovieGridViewController.swift */,
			);
			path = dMovie;
			sourceTree = "<group>";
		};
		7A8DFADFBA76663C456E125D /* Frameworks */ = {
			isa = PBXGroup;
			children = (
				FE646A608117A610CF784410 /* Pods_dMovie.framework */,
			);
			name = Frameworks;
			sourceTree = "<group>";
		};
		AC63C18C019B34B4449701D0 /* Pods */ = {
			isa = PBXGroup;
			children = (
				9768F46D13E9EE4F9BEF437B /* Pods-dMovie.debug.xcconfig */,
				ABD937423E9F83B0F9A48A4C /* Pods-dMovie.release.xcconfig */,
			);
			path = Pods;
			sourceTree = "<group>";
		};
/* End PBXGroup section */

/* Begin PBXNativeTarget section */
		542309F925E1B3E800E76A35 /* dMovie */ = {
			isa = PBXNativeTarget;
			buildConfigurationList = 54230A0E25E1B3E900E76A35 /* Build configuration list for PBXNativeTarget "dMovie" */;
			buildPhases = (
				D755183C7AF38A5991243214 /* [CP] Check Pods Manifest.lock */,
				542309F625E1B3E800E76A35 /* Sources */,
				542309F725E1B3E800E76A35 /* Frameworks */,
				542309F825E1B3E800E76A35 /* Resources */,
				4F229C28AA979AA24C6D0443 /* [CP] Embed Pods Frameworks */,
			);
			buildRules = (
			);
			dependencies = (
			);
			name = dMovie;
			productName = dMovie;
			productReference = 542309FA25E1B3E800E76A35 /* dMovie.app */;
			productType = "com.apple.product-type.application";
		};
/* End PBXNativeTarget section */

/* Begin PBXProject section */
		542309F225E1B3E800E76A35 /* Project object */ = {
			isa = PBXProject;
			attributes = {
				LastSwiftUpdateCheck = 1240;
				LastUpgradeCheck = 1240;
				TargetAttributes = {
					542309F925E1B3E800E76A35 = {
						CreatedOnToolsVersion = 12.4;
					};
				};
			};
			buildConfigurationList = 542309F525E1B3E800E76A35 /* Build configuration list for PBXProject "dMovie" */;
			compatibilityVersion = "Xcode 9.3";
			developmentRegion = en;
			hasScannedForEncodings = 0;
			knownRegions = (
				en,
				Base,
			);
			mainGroup = 542309F125E1B3E800E76A35;
			productRefGroup = 542309FB25E1B3E800E76A35 /* Products */;
			projectDirPath = "";
			projectRoot = "";
			targets = (
				542309F925E1B3E800E76A35 /* dMovie */,
			);
		};
/* End PBXProject section */

/* Begin PBXResourcesBuildPhase section */
		542309F825E1B3E800E76A35 /* Resources */ = {
			isa = PBXResourcesBuildPhase;
			buildActionMask = 2147483647;
			files = (
				54230A0A25E1B3E900E76A35 /* LaunchScreen.storyboard in Resources */,
				54230A0725E1B3E900E76A35 /* Assets.xcassets in Resources */,
				54230A0525E1B3E800E76A35 /* Main.storyboard in Resources */,
			);
			runOnlyForDeploymentPostprocessing = 0;
		};
/* End PBXResourcesBuildPhase section */

/* Begin PBXShellScriptBuildPhase section */
		4F229C28AA979AA24C6D0443 /* [CP] Embed Pods Frameworks */ = {
			isa = PBXShellScriptBuildPhase;
			buildActionMask = 2147483647;
			files = (
			);
			inputFileListPaths = (
				"${PODS_ROOT}/Target Support Files/Pods-dMovie/Pods-dMovie-frameworks-${CONFIGURATION}-input-files.xcfilelist",
			);
			name = "[CP] Embed Pods Frameworks";
			outputFileListPaths = (
				"${PODS_ROOT}/Target Support Files/Pods-dMovie/Pods-dMovie-frameworks-${CONFIGURATION}-output-files.xcfilelist",
			);
			runOnlyForDeploymentPostprocessing = 0;
			shellPath = /bin/sh;
			shellScript = "\"${PODS_ROOT}/Target Support Files/Pods-dMovie/Pods-dMovie-frameworks.sh\"\n";
			showEnvVarsInLog = 0;
		};
		D755183C7AF38A5991243214 /* [CP] Check Pods Manifest.lock */ = {
			isa = PBXShellScriptBuildPhase;
			buildActionMask = 2147483647;
			files = (
			);
			inputFileListPaths = (
			);
			inputPaths = (
				"${PODS_PODFILE_DIR_PATH}/Podfile.lock",
				"${PODS_ROOT}/Manifest.lock",
			);
			name = "[CP] Check Pods Manifest.lock";
			outputFileListPaths = (
			);
			outputPaths = (
				"$(DERIVED_FILE_DIR)/Pods-dMovie-checkManifestLockResult.txt",
			);
			runOnlyForDeploymentPostprocessing = 0;
			shellPath = /bin/sh;
			shellScript = "diff \"${PODS_PODFILE_DIR_PATH}/Podfile.lock\" \"${PODS_ROOT}/Manifest.lock\" > /dev/null\nif [ $? != 0 ] ; then\n    # print error to STDERR\n    echo \"error: The sandbox is not in sync with the Podfile.lock. Run 'pod install' or update your CocoaPods installation.\" >&2\n    exit 1\nfi\n# This output is used by Xcode 'outputs' to avoid re-running this script phase.\necho \"SUCCESS\" > \"${SCRIPT_OUTPUT_FILE_0}\"\n";
			showEnvVarsInLog = 0;
		};
/* End PBXShellScriptBuildPhase section */

/* Begin PBXSourcesBuildPhase section */
		542309F625E1B3E800E76A35 /* Sources */ = {
			isa = PBXSourcesBuildPhase;
			buildActionMask = 2147483647;
			files = (
				54793C6B25E379FF00E9542A /* MovieDetailsViewController.swift in Sources */,
				54230A0225E1B3E800E76A35 /* ViewController.swift in Sources */,
				542309FE25E1B3E800E76A35 /* AppDelegate.swift in Sources */,
				54F6402525E1BB7E003A4A7D /* MovieCell.swift in Sources */,
				54230A0025E1B3E800E76A35 /* SceneDelegate.swift in Sources */,
				54793C6E25E395A500E9542A /* MovieGridViewController.swift in Sources */,
				54793C7125E3998900E9542A /* MovieGridCell.swift in Sources */,
			);
			runOnlyForDeploymentPostprocessing = 0;
		};
/* End PBXSourcesBuildPhase section */

/* Begin PBXVariantGroup section */
		54230A0325E1B3E800E76A35 /* Main.storyboard */ = {
			isa = PBXVariantGroup;
			children = (
				54230A0425E1B3E800E76A35 /* Base */,
			);
			name = Main.storyboard;
			sourceTree = "<group>";
		};
		54230A0825E1B3E900E76A35 /* LaunchScreen.storyboard */ = {
			isa = PBXVariantGroup;
			children = (
				54230A0925E1B3E900E76A35 /* Base */,
			);
			name = LaunchScreen.storyboard;
			sourceTree = "<group>";
		};
/* End PBXVariantGroup section */

/* Begin XCBuildConfiguration section */
		54230A0C25E1B3E900E76A35 /* Debug */ = {
			isa = XCBuildConfiguration;
			buildSettings = {
				ALWAYS_SEARCH_USER_PATHS = NO;
				CLANG_ANALYZER_NONNULL = YES;
				CLANG_ANALYZER_NUMBER_OBJECT_CONVERSION = YES_AGGRESSIVE;
				CLANG_CXX_LANGUAGE_STANDARD = "gnu++14";
				CLANG_CXX_LIBRARY = "libc++";
				CLANG_ENABLE_MODULES = YES;
				CLANG_ENABLE_OBJC_ARC = YES;
				CLANG_ENABLE_OBJC_WEAK = YES;
				CLANG_WARN_BLOCK_CAPTURE_AUTORELEASING = YES;
				CLANG_WARN_BOOL_CONVERSION = YES;
				CLANG_WARN_COMMA = YES;
				CLANG_WARN_CONSTANT_CONVERSION = YES;
				CLANG_WARN_DEPRECATED_OBJC_IMPLEMENTATIONS = YES;
				CLANG_WARN_DIRECT_OBJC_ISA_USAGE = YES_ERROR;
				CLANG_WARN_DOCUMENTATION_COMMENTS = YES;
				CLANG_WARN_EMPTY_BODY = YES;
				CLANG_WARN_ENUM_CONVERSION = YES;
				CLANG_WARN_INFINITE_RECURSION = YES;
				CLANG_WARN_INT_CONVERSION = YES;
				CLANG_WARN_NON_LITERAL_NULL_CONVERSION = YES;
				CLANG_WARN_OBJC_IMPLICIT_RETAIN_SELF = YES;
				CLANG_WARN_OBJC_LITERAL_CONVERSION = YES;
				CLANG_WARN_OBJC_ROOT_CLASS = YES_ERROR;
				CLANG_WARN_QUOTED_INCLUDE_IN_FRAMEWORK_HEADER = YES;
				CLANG_WARN_RANGE_LOOP_ANALYSIS = YES;
				CLANG_WARN_STRICT_PROTOTYPES = YES;
				CLANG_WARN_SUSPICIOUS_MOVE = YES;
				CLANG_WARN_UNGUARDED_AVAILABILITY = YES_AGGRESSIVE;
				CLANG_WARN_UNREACHABLE_CODE = YES;
				CLANG_WARN__DUPLICATE_METHOD_MATCH = YES;
				COPY_PHASE_STRIP = NO;
				DEBUG_INFORMATION_FORMAT = dwarf;
				ENABLE_STRICT_OBJC_MSGSEND = YES;
				ENABLE_TESTABILITY = YES;
				GCC_C_LANGUAGE_STANDARD = gnu11;
				GCC_DYNAMIC_NO_PIC = NO;
				GCC_NO_COMMON_BLOCKS = YES;
				GCC_OPTIMIZATION_LEVEL = 0;
				GCC_PREPROCESSOR_DEFINITIONS = (
					"DEBUG=1",
					"$(inherited)",
				);
				GCC_WARN_64_TO_32_BIT_CONVERSION = YES;
				GCC_WARN_ABOUT_RETURN_TYPE = YES_ERROR;
				GCC_WARN_UNDECLARED_SELECTOR = YES;
				GCC_WARN_UNINITIALIZED_AUTOS = YES_AGGRESSIVE;
				GCC_WARN_UNUSED_FUNCTION = YES;
				GCC_WARN_UNUSED_VARIABLE = YES;
				IPHONEOS_DEPLOYMENT_TARGET = 14.4;
				MTL_ENABLE_DEBUG_INFO = INCLUDE_SOURCE;
				MTL_FAST_MATH = YES;
				ONLY_ACTIVE_ARCH = YES;
				SDKROOT = iphoneos;
				SWIFT_ACTIVE_COMPILATION_CONDITIONS = DEBUG;
				SWIFT_OPTIMIZATION_LEVEL = "-Onone";
			};
			name = Debug;
		};
		54230A0D25E1B3E900E76A35 /* Release */ = {
			isa = XCBuildConfiguration;
			buildSettings = {
				ALWAYS_SEARCH_USER_PATHS = NO;
				CLANG_ANALYZER_NONNULL = YES;
				CLANG_ANALYZER_NUMBER_OBJECT_CONVERSION = YES_AGGRESSIVE;
				CLANG_CXX_LANGUAGE_STANDARD = "gnu++14";
				CLANG_CXX_LIBRARY = "libc++";
				CLANG_ENABLE_MODULES = YES;
				CLANG_ENABLE_OBJC_ARC = YES;
				CLANG_ENABLE_OBJC_WEAK = YES;
				CLANG_WARN_BLOCK_CAPTURE_AUTORELEASING = YES;
				CLANG_WARN_BOOL_CONVERSION = YES;
				CLANG_WARN_COMMA = YES;
				CLANG_WARN_CONSTANT_CONVERSION = YES;
				CLANG_WARN_DEPRECATED_OBJC_IMPLEMENTATIONS = YES;
				CLANG_WARN_DIRECT_OBJC_ISA_USAGE = YES_ERROR;
				CLANG_WARN_DOCUMENTATION_COMMENTS = YES;
				CLANG_WARN_EMPTY_BODY = YES;
				CLANG_WARN_ENUM_CONVERSION = YES;
				CLANG_WARN_INFINITE_RECURSION = YES;
				CLANG_WARN_INT_CONVERSION = YES;
				CLANG_WARN_NON_LITERAL_NULL_CONVERSION = YES;
				CLANG_WARN_OBJC_IMPLICIT_RETAIN_SELF = YES;
				CLANG_WARN_OBJC_LITERAL_CONVERSION = YES;
				CLANG_WARN_OBJC_ROOT_CLASS = YES_ERROR;
				CLANG_WARN_QUOTED_INCLUDE_IN_FRAMEWORK_HEADER = YES;
				CLANG_WARN_RANGE_LOOP_ANALYSIS = YES;
				CLANG_WARN_STRICT_PROTOTYPES = YES;
				CLANG_WARN_SUSPICIOUS_MOVE = YES;
				CLANG_WARN_UNGUARDED_AVAILABILITY = YES_AGGRESSIVE;
				CLANG_WARN_UNREACHABLE_CODE = YES;
				CLANG_WARN__DUPLICATE_METHOD_MATCH = YES;
				COPY_PHASE_STRIP = NO;
				DEBUG_INFORMATION_FORMAT = "dwarf-with-dsym";
				ENABLE_NS_ASSERTIONS = NO;
				ENABLE_STRICT_OBJC_MSGSEND = YES;
				GCC_C_LANGUAGE_STANDARD = gnu11;
				GCC_NO_COMMON_BLOCKS = YES;
				GCC_WARN_64_TO_32_BIT_CONVERSION = YES;
				GCC_WARN_ABOUT_RETURN_TYPE = YES_ERROR;
				GCC_WARN_UNDECLARED_SELECTOR = YES;
				GCC_WARN_UNINITIALIZED_AUTOS = YES_AGGRESSIVE;
				GCC_WARN_UNUSED_FUNCTION = YES;
				GCC_WARN_UNUSED_VARIABLE = YES;
				IPHONEOS_DEPLOYMENT_TARGET = 14.4;
				MTL_ENABLE_DEBUG_INFO = NO;
				MTL_FAST_MATH = YES;
				SDKROOT = iphoneos;
				SWIFT_COMPILATION_MODE = wholemodule;
				SWIFT_OPTIMIZATION_LEVEL = "-O";
				VALIDATE_PRODUCT = YES;
			};
			name = Release;
		};
		54230A0F25E1B3E900E76A35 /* Debug */ = {
			isa = XCBuildConfiguration;
			baseConfigurationReference = 9768F46D13E9EE4F9BEF437B /* Pods-dMovie.debug.xcconfig */;
			buildSettings = {
				ASSETCATALOG_COMPILER_APPICON_NAME = AppIcon;
				ASSETCATALOG_COMPILER_GLOBAL_ACCENT_COLOR_NAME = AccentColor;
				CODE_SIGN_STYLE = Automatic;
				INFOPLIST_FILE = dMovie/Info.plist;
				LD_RUNPATH_SEARCH_PATHS = (
					"$(inherited)",
					"@executable_path/Frameworks",
				);
				PRODUCT_BUNDLE_IDENTIFIER = com.DavidLee.dMovie;
				PRODUCT_NAME = "$(TARGET_NAME)";
				SWIFT_VERSION = 5.0;
				TARGETED_DEVICE_FAMILY = "1,2";
			};
			name = Debug;
		};
		54230A1025E1B3E900E76A35 /* Release */ = {
			isa = XCBuildConfiguration;
			baseConfigurationReference = ABD937423E9F83B0F9A48A4C /* Pods-dMovie.release.xcconfig */;
			buildSettings = {
				ASSETCATALOG_COMPILER_APPICON_NAME = AppIcon;
				ASSETCATALOG_COMPILER_GLOBAL_ACCENT_COLOR_NAME = AccentColor;
				CODE_SIGN_STYLE = Automatic;
				INFOPLIST_FILE = dMovie/Info.plist;
				LD_RUNPATH_SEARCH_PATHS = (
					"$(inherited)",
					"@executable_path/Frameworks",
				);
				PRODUCT_BUNDLE_IDENTIFIER = com.DavidLee.dMovie;
				PRODUCT_NAME = "$(TARGET_NAME)";
				SWIFT_VERSION = 5.0;
				TARGETED_DEVICE_FAMILY = "1,2";
			};
			name = Release;
		};
/* End XCBuildConfiguration section */

/* Begin XCConfigurationList section */
		542309F525E1B3E800E76A35 /* Build configuration list for PBXProject "dMovie" */ = {
			isa = XCConfigurationList;
			buildConfigurations = (
				54230A0C25E1B3E900E76A35 /* Debug */,
				54230A0D25E1B3E900E76A35 /* Release */,
			);
			defaultConfigurationIsVisible = 0;
			defaultConfigurationName = Release;
		};
		54230A0E25E1B3E900E76A35 /* Build configuration list for PBXNativeTarget "dMovie" */ = {
			isa = XCConfigurationList;
			buildConfigurations = (
				54230A0F25E1B3E900E76A35 /* Debug */,
				54230A1025E1B3E900E76A35 /* Release */,
			);
			defaultConfigurationIsVisible = 0;
			defaultConfigurationName = Release;
		};
/* End XCConfigurationList section */
	};
	rootObject = 542309F225E1B3E800E76A35 /* Project object */;
}
